// !$*UTF8*$!
{
	archiveVersion = 1;
	classes = {
	};
	objectVersion = 45;
	objects = {

/* Begin PBXBuildFile section */
		1D3623260D0F684500981E51 /* iMLateAppDelegate.m in Sources */ = {isa = PBXBuildFile; fileRef = 1D3623250D0F684500981E51 /* iMLateAppDelegate.m */; };
		1D60589B0D05DD56006BFB54 /* main.m in Sources */ = {isa = PBXBuildFile; fileRef = 29B97316FDCFA39411CA2CEA /* main.m */; };
		1D60589F0D05DD5A006BFB54 /* Foundation.framework in Frameworks */ = {isa = PBXBuildFile; fileRef = 1D30AB110D05D00D00671497 /* Foundation.framework */; };
		1DF5F4E00D08C38300B7A737 /* UIKit.framework in Frameworks */ = {isa = PBXBuildFile; fileRef = 1DF5F4DF0D08C38300B7A737 /* UIKit.framework */; };
		2892E4100DC94CBA00A64D0F /* CoreGraphics.framework in Frameworks */ = {isa = PBXBuildFile; fileRef = 2892E40F0DC94CBA00A64D0F /* CoreGraphics.framework */; };
		28AD73600D9D9599002E5188 /* MainWindow.xib in Resources */ = {isa = PBXBuildFile; fileRef = 28AD735F0D9D9599002E5188 /* MainWindow.xib */; };
		28C286E10D94DF7D0034E888 /* RootViewController.m in Sources */ = {isa = PBXBuildFile; fileRef = 28C286E00D94DF7D0034E888 /* RootViewController.m */; };
		28F335F11007B36200424DE2 /* RootViewController.xib in Resources */ = {isa = PBXBuildFile; fileRef = 28F335F01007B36200424DE2 /* RootViewController.xib */; };
		D913A54C131A5A2F0019B379 /* transport-means.plist in Resources */ = {isa = PBXBuildFile; fileRef = D913A54B131A5A2F0019B379 /* transport-means.plist */; };
		D9282DF41323BEF200CEC10D /* HelpViewController.m in Sources */ = {isa = PBXBuildFile; fileRef = D9282DF21323BEF200CEC10D /* HelpViewController.m */; };
		D9282DF51323BEF200CEC10D /* HelpViewController.xib in Resources */ = {isa = PBXBuildFile; fileRef = D9282DF31323BEF200CEC10D /* HelpViewController.xib */; };
		D9282E101323C52F00CEC10D /* help-images.plist in Resources */ = {isa = PBXBuildFile; fileRef = D9282E0F1323C52F00CEC10D /* help-images.plist */; };
		D9282E481323E3E200CEC10D /* HelpPageViewController.m in Sources */ = {isa = PBXBuildFile; fileRef = D9282E461323E3E200CEC10D /* HelpPageViewController.m */; };
		D9282E491323E3E200CEC10D /* HelpPageViewController.xib in Resources */ = {isa = PBXBuildFile; fileRef = D9282E471323E3E200CEC10D /* HelpPageViewController.xib */; };
		D9282FD01324016500CEC10D /* help_add_incident.png in Resources */ = {isa = PBXBuildFile; fileRef = D9282FC91324016500CEC10D /* help_add_incident.png */; };
		D9282FD11324016500CEC10D /* help_details_incident.png in Resources */ = {isa = PBXBuildFile; fileRef = D9282FCA1324016500CEC10D /* help_details_incident.png */; };
		D9282FD21324016500CEC10D /* help_incidents_list.png in Resources */ = {isa = PBXBuildFile; fileRef = D9282FCB1324016500CEC10D /* help_incidents_list.png */; };
		D9282FD31324016500CEC10D /* help_light.png in Resources */ = {isa = PBXBuildFile; fileRef = D9282FCC1324016500CEC10D /* help_light.png */; };
		D9282FD41324016500CEC10D /* help_main.png in Resources */ = {isa = PBXBuildFile; fileRef = D9282FCD1324016500CEC10D /* help_main.png */; };
		D9282FD51324016500CEC10D /* help_others.png in Resources */ = {isa = PBXBuildFile; fileRef = D9282FCE1324016500CEC10D /* help_others.png */; };
		D9282FD61324016500CEC10D /* help_transporters.png in Resources */ = {isa = PBXBuildFile; fileRef = D9282FCF1324016500CEC10D /* help_transporters.png */; };
		D94EF93F1321757C00EB7774 /* CurrentIncidentsViewController.m in Sources */ = {isa = PBXBuildFile; fileRef = D94EF93E1321757C00EB7774 /* CurrentIncidentsViewController.m */; };
		D94EF944132176AD00EB7774 /* HourIncidentsViewController.m in Sources */ = {isa = PBXBuildFile; fileRef = D94EF943132176AD00EB7774 /* HourIncidentsViewController.m */; };
		D94EF949132176F900EB7774 /* DayIncidentsViewController.m in Sources */ = {isa = PBXBuildFile; fileRef = D94EF948132176F900EB7774 /* DayIncidentsViewController.m */; };
		D94EF9CA1321A31F00EB7774 /* icon_calendar.png in Resources */ = {isa = PBXBuildFile; fileRef = D94EF9BE1321A31F00EB7774 /* icon_calendar.png */; };
		D94EF9CB1321A31F00EB7774 /* icon_calendar@2x.png in Resources */ = {isa = PBXBuildFile; fileRef = D94EF9BF1321A31F00EB7774 /* icon_calendar@2x.png */; };
		D94EF9CC1321A31F00EB7774 /* icon_clock.png in Resources */ = {isa = PBXBuildFile; fileRef = D94EF9C01321A31F00EB7774 /* icon_clock.png */; };
		D94EF9CD1321A31F00EB7774 /* icon_clock@2x.png in Resources */ = {isa = PBXBuildFile; fileRef = D94EF9C11321A31F00EB7774 /* icon_clock@2x.png */; };
		D94EF9CE1321A31F00EB7774 /* icon_diary.png in Resources */ = {isa = PBXBuildFile; fileRef = D94EF9C21321A31F00EB7774 /* icon_diary.png */; };
		D94EF9CF1321A31F00EB7774 /* icon_diary@2x.png in Resources */ = {isa = PBXBuildFile; fileRef = D94EF9C31321A31F00EB7774 /* icon_diary@2x.png */; };
		D94EF9D01321A31F00EB7774 /* icon_hourglass.png in Resources */ = {isa = PBXBuildFile; fileRef = D94EF9C41321A31F00EB7774 /* icon_hourglass.png */; };
		D94EF9D11321A31F00EB7774 /* icon_hourglass@2x.png in Resources */ = {isa = PBXBuildFile; fileRef = D94EF9C51321A31F00EB7774 /* icon_hourglass@2x.png */; };
		D94EF9E21321A9FF00EB7774 /* Icon-Small.png in Resources */ = {isa = PBXBuildFile; fileRef = D94EF9DB1321A9FF00EB7774 /* Icon-Small.png */; };
		D94EF9E31321A9FF00EB7774 /* Icon-Small@2x.png in Resources */ = {isa = PBXBuildFile; fileRef = D94EF9DC1321A9FF00EB7774 /* Icon-Small@2x.png */; };
		D94EF9E41321A9FF00EB7774 /* Icon.png in Resources */ = {isa = PBXBuildFile; fileRef = D94EF9DD1321A9FF00EB7774 /* Icon.png */; };
		D94EF9E51321A9FF00EB7774 /* Icon@2x.png in Resources */ = {isa = PBXBuildFile; fileRef = D94EF9DE1321A9FF00EB7774 /* Icon@2x.png */; };
		D9597348131AD23200953BA7 /* btn_big.png in Resources */ = {isa = PBXBuildFile; fileRef = D9597346131AD23200953BA7 /* btn_big.png */; };
		D9597349131AD23200953BA7 /* btn_small.png in Resources */ = {isa = PBXBuildFile; fileRef = D9597347131AD23200953BA7 /* btn_small.png */; };
		D961CB0613237F320055A5F4 /* AVFoundation.framework in Frameworks */ = {isa = PBXBuildFile; fileRef = D961CB0513237F320055A5F4 /* AVFoundation.framework */; settings = {ATTRIBUTES = (Weak, ); }; };
		D961CB0E13237FA20055A5F4 /* LightViewController.m in Sources */ = {isa = PBXBuildFile; fileRef = D961CB0C13237FA20055A5F4 /* LightViewController.m */; };
		D961CCB7132384BB0055A5F4 /* LightViewController.xib in Resources */ = {isa = PBXBuildFile; fileRef = D961CCB6132384BB0055A5F4 /* LightViewController.xib */; };
		D96255481319DA7600BF99AF /* transport-lines.plist in Resources */ = {isa = PBXBuildFile; fileRef = D96255471319DA7600BF99AF /* transport-lines.plist */; };
		D98CFC3F131DB59500B48FE5 /* MBProgressHUD.m in Sources */ = {isa = PBXBuildFile; fileRef = D98CFC3E131DB59500B48FE5 /* MBProgressHUD.m */; };
		D98CFCFE131EF66F00B48FE5 /* Settings.bundle in Resources */ = {isa = PBXBuildFile; fileRef = D98CFCFD131EF66F00B48FE5 /* Settings.bundle */; };
		D9A1C47E1322FA800022AB13 /* earth.png in Resources */ = {isa = PBXBuildFile; fileRef = D9A1C4781322FA800022AB13 /* earth.png */; };
		D9A1C47F1322FA800022AB13 /* help.png in Resources */ = {isa = PBXBuildFile; fileRef = D9A1C4791322FA800022AB13 /* help.png */; };
		D9A1C4801322FA800022AB13 /* icon_earth.png in Resources */ = {isa = PBXBuildFile; fileRef = D9A1C47A1322FA800022AB13 /* icon_earth.png */; };
		D9A1C4811322FA800022AB13 /* icon_earth@2x.png in Resources */ = {isa = PBXBuildFile; fileRef = D9A1C47B1322FA800022AB13 /* icon_earth@2x.png */; };
		D9A1C4821322FA800022AB13 /* icon_help.png in Resources */ = {isa = PBXBuildFile; fileRef = D9A1C47C1322FA800022AB13 /* icon_help.png */; };
		D9A1C4831322FA800022AB13 /* icon_help@2x.png in Resources */ = {isa = PBXBuildFile; fileRef = D9A1C47D1322FA800022AB13 /* icon_help@2x.png */; };
		D9A1C4871322FC090022AB13 /* icon_light.png in Resources */ = {isa = PBXBuildFile; fileRef = D9A1C4841322FC090022AB13 /* icon_light.png */; };
		D9A1C4881322FC090022AB13 /* icon_light@2x.png in Resources */ = {isa = PBXBuildFile; fileRef = D9A1C4851322FC090022AB13 /* icon_light@2x.png */; };
		D9A1C4891322FC090022AB13 /* light.png in Resources */ = {isa = PBXBuildFile; fileRef = D9A1C4861322FC090022AB13 /* light.png */; };
		D9A1C4C413230BC10022AB13 /* WebListViewController.m in Sources */ = {isa = PBXBuildFile; fileRef = D9A1C4C213230BC10022AB13 /* WebListViewController.m */; };
		D9A1C4C513230BC10022AB13 /* WebListViewController.xib in Resources */ = {isa = PBXBuildFile; fileRef = D9A1C4C313230BC10022AB13 /* WebListViewController.xib */; };
		D9A1C4DB13230C780022AB13 /* websites.plist in Resources */ = {isa = PBXBuildFile; fileRef = D9A1C4DA13230C780022AB13 /* websites.plist */; };
		D9A1C4DF13230EDE0022AB13 /* WebViewController.m in Sources */ = {isa = PBXBuildFile; fileRef = D9A1C4DD13230EDE0022AB13 /* WebViewController.m */; };
		D9A1C4E013230EDE0022AB13 /* WebViewController.xib in Resources */ = {isa = PBXBuildFile; fileRef = D9A1C4DE13230EDE0022AB13 /* WebViewController.xib */; };
		D9A45AA51324453C004ED0BB /* AboutViewController.m in Sources */ = {isa = PBXBuildFile; fileRef = D9A45AA31324453C004ED0BB /* AboutViewController.m */; };
		D9A45AA61324453C004ED0BB /* AboutViewController.xib in Resources */ = {isa = PBXBuildFile; fileRef = D9A45AA41324453C004ED0BB /* AboutViewController.xib */; };
		D9CCC7AD1324473F00BD0780 /* about.txt in Resources */ = {isa = PBXBuildFile; fileRef = D9CCC7AC1324473F00BD0780 /* about.txt */; };
		D9CCC7E313244DB200BD0780 /* icon_information.png in Resources */ = {isa = PBXBuildFile; fileRef = D9CCC7E013244DB200BD0780 /* icon_information.png */; };
		D9CCC7E413244DB200BD0780 /* icon_information@2x.png in Resources */ = {isa = PBXBuildFile; fileRef = D9CCC7E113244DB200BD0780 /* icon_information@2x.png */; };
		D9CCC7E513244DB200BD0780 /* information.png in Resources */ = {isa = PBXBuildFile; fileRef = D9CCC7E213244DB200BD0780 /* information.png */; };
		D9E2F88C13185ED300948F2F /* NSObject+JSON.m in Sources */ = {isa = PBXBuildFile; fileRef = D9E2F87B13185ED200948F2F /* NSObject+JSON.m */; };
		D9E2F88D13185ED300948F2F /* SBJsonParser.m in Sources */ = {isa = PBXBuildFile; fileRef = D9E2F87D13185ED200948F2F /* SBJsonParser.m */; };
		D9E2F88E13185ED300948F2F /* SBJsonStreamParser.m in Sources */ = {isa = PBXBuildFile; fileRef = D9E2F87F13185ED300948F2F /* SBJsonStreamParser.m */; };
		D9E2F88F13185ED300948F2F /* SBJsonStreamParserAdapter.m in Sources */ = {isa = PBXBuildFile; fileRef = D9E2F88113185ED300948F2F /* SBJsonStreamParserAdapter.m */; };
		D9E2F89013185ED300948F2F /* SBJsonStreamParserState.m in Sources */ = {isa = PBXBuildFile; fileRef = D9E2F88313185ED300948F2F /* SBJsonStreamParserState.m */; };
		D9E2F89113185ED300948F2F /* SBJsonStreamWriter.m in Sources */ = {isa = PBXBuildFile; fileRef = D9E2F88513185ED300948F2F /* SBJsonStreamWriter.m */; };
		D9E2F89213185ED300948F2F /* SBJsonStreamWriterState.m in Sources */ = {isa = PBXBuildFile; fileRef = D9E2F88713185ED300948F2F /* SBJsonStreamWriterState.m */; };
		D9E2F89313185ED300948F2F /* SBJsonTokeniser.m in Sources */ = {isa = PBXBuildFile; fileRef = D9E2F88913185ED300948F2F /* SBJsonTokeniser.m */; };
		D9E2F89413185ED300948F2F /* SBJsonWriter.m in Sources */ = {isa = PBXBuildFile; fileRef = D9E2F88B13185ED300948F2F /* SBJsonWriter.m */; };
		D9E2F9671318841800948F2F /* IncidentDetailViewController.m in Sources */ = {isa = PBXBuildFile; fileRef = D9E2F9651318841800948F2F /* IncidentDetailViewController.m */; };
		D9E2F9681318841800948F2F /* IncidentDetailViewController.xib in Resources */ = {isa = PBXBuildFile; fileRef = D9E2F9661318841800948F2F /* IncidentDetailViewController.xib */; };
		D9E2FAA11319502900948F2F /* IncidentAddViewController.m in Sources */ = {isa = PBXBuildFile; fileRef = D9E2FA9F1319502900948F2F /* IncidentAddViewController.m */; };
		D9E2FAA21319502900948F2F /* IncidentAddViewController.xib in Resources */ = {isa = PBXBuildFile; fileRef = D9E2FAA01319502900948F2F /* IncidentAddViewController.xib */; };
/* End PBXBuildFile section */

/* Begin PBXFileReference section */
		1D30AB110D05D00D00671497 /* Foundation.framework */ = {isa = PBXFileReference; lastKnownFileType = wrapper.framework; name = Foundation.framework; path = System/Library/Frameworks/Foundation.framework; sourceTree = SDKROOT; };
		1D3623240D0F684500981E51 /* iMLateAppDelegate.h */ = {isa = PBXFileReference; fileEncoding = 4; lastKnownFileType = sourcecode.c.h; path = iMLateAppDelegate.h; sourceTree = "<group>"; };
		1D3623250D0F684500981E51 /* iMLateAppDelegate.m */ = {isa = PBXFileReference; fileEncoding = 4; lastKnownFileType = sourcecode.c.objc; path = iMLateAppDelegate.m; sourceTree = "<group>"; };
		1D6058910D05DD3D006BFB54 /* iMLate.app */ = {isa = PBXFileReference; explicitFileType = wrapper.application; includeInIndex = 0; path = iMLate.app; sourceTree = BUILT_PRODUCTS_DIR; };
		1DF5F4DF0D08C38300B7A737 /* UIKit.framework */ = {isa = PBXFileReference; lastKnownFileType = wrapper.framework; name = UIKit.framework; path = System/Library/Frameworks/UIKit.framework; sourceTree = SDKROOT; };
		2892E40F0DC94CBA00A64D0F /* CoreGraphics.framework */ = {isa = PBXFileReference; lastKnownFileType = wrapper.framework; name = CoreGraphics.framework; path = System/Library/Frameworks/CoreGraphics.framework; sourceTree = SDKROOT; };
		28A0AAE50D9B0CCF005BE974 /* iMLate_Prefix.pch */ = {isa = PBXFileReference; fileEncoding = 4; lastKnownFileType = sourcecode.c.h; path = iMLate_Prefix.pch; sourceTree = "<group>"; };
		28AD735F0D9D9599002E5188 /* MainWindow.xib */ = {isa = PBXFileReference; lastKnownFileType = file.xib; path = MainWindow.xib; sourceTree = "<group>"; };
		28C286DF0D94DF7D0034E888 /* RootViewController.h */ = {isa = PBXFileReference; fileEncoding = 4; lastKnownFileType = sourcecode.c.h; path = RootViewController.h; sourceTree = "<group>"; };
		28C286E00D94DF7D0034E888 /* RootViewController.m */ = {isa = PBXFileReference; fileEncoding = 4; lastKnownFileType = sourcecode.c.objc; path = RootViewController.m; sourceTree = "<group>"; };
		28F335F01007B36200424DE2 /* RootViewController.xib */ = {isa = PBXFileReference; lastKnownFileType = file.xib; path = RootViewController.xib; sourceTree = "<group>"; };
		29B97316FDCFA39411CA2CEA /* main.m */ = {isa = PBXFileReference; fileEncoding = 4; lastKnownFileType = sourcecode.c.objc; path = main.m; sourceTree = "<group>"; };
		8D1107310486CEB800E47090 /* iMLate-Info.plist */ = {isa = PBXFileReference; fileEncoding = 4; lastKnownFileType = text.plist.xml; path = "iMLate-Info.plist"; plistStructureDefinitionIdentifier = "com.apple.xcode.plist.structure-definition.iphone.info-plist"; sourceTree = "<group>"; };
		D913A54B131A5A2F0019B379 /* transport-means.plist */ = {isa = PBXFileReference; fileEncoding = 4; lastKnownFileType = text.plist.xml; path = "transport-means.plist"; sourceTree = "<group>"; };
		D9282D011323A6B700CEC10D /* Entitlements.plist */ = {isa = PBXFileReference; fileEncoding = 4; lastKnownFileType = text.plist.xml; path = Entitlements.plist; sourceTree = "<group>"; };
		D9282DF11323BEF200CEC10D /* HelpViewController.h */ = {isa = PBXFileReference; fileEncoding = 4; lastKnownFileType = sourcecode.c.h; path = HelpViewController.h; sourceTree = "<group>"; };
		D9282DF21323BEF200CEC10D /* HelpViewController.m */ = {isa = PBXFileReference; fileEncoding = 4; lastKnownFileType = sourcecode.c.objc; path = HelpViewController.m; sourceTree = "<group>"; };
		D9282DF31323BEF200CEC10D /* HelpViewController.xib */ = {isa = PBXFileReference; lastKnownFileType = file.xib; path = HelpViewController.xib; sourceTree = "<group>"; };
		D9282E0F1323C52F00CEC10D /* help-images.plist */ = {isa = PBXFileReference; fileEncoding = 4; lastKnownFileType = text.plist.xml; path = "help-images.plist"; sourceTree = "<group>"; };
		D9282E451323E3E200CEC10D /* HelpPageViewController.h */ = {isa = PBXFileReference; fileEncoding = 4; lastKnownFileType = sourcecode.c.h; path = HelpPageViewController.h; sourceTree = "<group>"; };
		D9282E461323E3E200CEC10D /* HelpPageViewController.m */ = {isa = PBXFileReference; fileEncoding = 4; lastKnownFileType = sourcecode.c.objc; path = HelpPageViewController.m; sourceTree = "<group>"; };
		D9282E471323E3E200CEC10D /* HelpPageViewController.xib */ = {isa = PBXFileReference; lastKnownFileType = file.xib; path = HelpPageViewController.xib; sourceTree = "<group>"; };
		D9282FC91324016500CEC10D /* help_add_incident.png */ = {isa = PBXFileReference; lastKnownFileType = image.png; path = help_add_incident.png; sourceTree = "<group>"; };
		D9282FCA1324016500CEC10D /* help_details_incident.png */ = {isa = PBXFileReference; lastKnownFileType = image.png; path = help_details_incident.png; sourceTree = "<group>"; };
		D9282FCB1324016500CEC10D /* help_incidents_list.png */ = {isa = PBXFileReference; lastKnownFileType = image.png; path = help_incidents_list.png; sourceTree = "<group>"; };
		D9282FCC1324016500CEC10D /* help_light.png */ = {isa = PBXFileReference; lastKnownFileType = image.png; path = help_light.png; sourceTree = "<group>"; };
		D9282FCD1324016500CEC10D /* help_main.png */ = {isa = PBXFileReference; lastKnownFileType = image.png; path = help_main.png; sourceTree = "<group>"; };
		D9282FCE1324016500CEC10D /* help_others.png */ = {isa = PBXFileReference; lastKnownFileType = image.png; path = help_others.png; sourceTree = "<group>"; };
		D9282FCF1324016500CEC10D /* help_transporters.png */ = {isa = PBXFileReference; lastKnownFileType = image.png; path = help_transporters.png; sourceTree = "<group>"; };
		D94EF93D1321757C00EB7774 /* CurrentIncidentsViewController.h */ = {isa = PBXFileReference; fileEncoding = 4; lastKnownFileType = sourcecode.c.h; path = CurrentIncidentsViewController.h; sourceTree = "<group>"; };
		D94EF93E1321757C00EB7774 /* CurrentIncidentsViewController.m */ = {isa = PBXFileReference; fileEncoding = 4; lastKnownFileType = sourcecode.c.objc; path = CurrentIncidentsViewController.m; sourceTree = "<group>"; };
		D94EF942132176AD00EB7774 /* HourIncidentsViewController.h */ = {isa = PBXFileReference; fileEncoding = 4; lastKnownFileType = sourcecode.c.h; path = HourIncidentsViewController.h; sourceTree = "<group>"; };
		D94EF943132176AD00EB7774 /* HourIncidentsViewController.m */ = {isa = PBXFileReference; fileEncoding = 4; lastKnownFileType = sourcecode.c.objc; path = HourIncidentsViewController.m; sourceTree = "<group>"; };
		D94EF947132176F900EB7774 /* DayIncidentsViewController.h */ = {isa = PBXFileReference; fileEncoding = 4; lastKnownFileType = sourcecode.c.h; path = DayIncidentsViewController.h; sourceTree = "<group>"; };
		D94EF948132176F900EB7774 /* DayIncidentsViewController.m */ = {isa = PBXFileReference; fileEncoding = 4; lastKnownFileType = sourcecode.c.objc; path = DayIncidentsViewController.m; sourceTree = "<group>"; };
		D94EF9BA1321A31F00EB7774 /* calendar.png */ = {isa = PBXFileReference; lastKnownFileType = image.png; path = calendar.png; sourceTree = "<group>"; };
		D94EF9BB1321A31F00EB7774 /* clock.png */ = {isa = PBXFileReference; lastKnownFileType = image.png; path = clock.png; sourceTree = "<group>"; };
		D94EF9BC1321A31F00EB7774 /* diary.png */ = {isa = PBXFileReference; lastKnownFileType = image.png; path = diary.png; sourceTree = "<group>"; };
		D94EF9BD1321A31F00EB7774 /* hourglass.png */ = {isa = PBXFileReference; lastKnownFileType = image.png; path = hourglass.png; sourceTree = "<group>"; };
		D94EF9BE1321A31F00EB7774 /* icon_calendar.png */ = {isa = PBXFileReference; lastKnownFileType = image.png; path = icon_calendar.png; sourceTree = "<group>"; };
		D94EF9BF1321A31F00EB7774 /* icon_calendar@2x.png */ = {isa = PBXFileReference; lastKnownFileType = image.png; path = "icon_calendar@2x.png"; sourceTree = "<group>"; };
		D94EF9C01321A31F00EB7774 /* icon_clock.png */ = {isa = PBXFileReference; lastKnownFileType = image.png; path = icon_clock.png; sourceTree = "<group>"; };
		D94EF9C11321A31F00EB7774 /* icon_clock@2x.png */ = {isa = PBXFileReference; lastKnownFileType = image.png; path = "icon_clock@2x.png"; sourceTree = "<group>"; };
		D94EF9C21321A31F00EB7774 /* icon_diary.png */ = {isa = PBXFileReference; lastKnownFileType = image.png; path = icon_diary.png; sourceTree = "<group>"; };
		D94EF9C31321A31F00EB7774 /* icon_diary@2x.png */ = {isa = PBXFileReference; lastKnownFileType = image.png; path = "icon_diary@2x.png"; sourceTree = "<group>"; };
		D94EF9C41321A31F00EB7774 /* icon_hourglass.png */ = {isa = PBXFileReference; lastKnownFileType = image.png; path = icon_hourglass.png; sourceTree = "<group>"; };
		D94EF9C51321A31F00EB7774 /* icon_hourglass@2x.png */ = {isa = PBXFileReference; lastKnownFileType = image.png; path = "icon_hourglass@2x.png"; sourceTree = "<group>"; };
		D94EF9D81321A9FF00EB7774 /* icon_template_button.png */ = {isa = PBXFileReference; lastKnownFileType = image.png; path = icon_template_button.png; sourceTree = "<group>"; };
		D94EF9D91321A9FF00EB7774 /* icon_template_train.png */ = {isa = PBXFileReference; lastKnownFileType = image.png; path = icon_template_train.png; sourceTree = "<group>"; };
		D94EF9DA1321A9FF00EB7774 /* icon_template.png */ = {isa = PBXFileReference; lastKnownFileType = image.png; path = icon_template.png; sourceTree = "<group>"; };
		D94EF9DB1321A9FF00EB7774 /* Icon-Small.png */ = {isa = PBXFileReference; lastKnownFileType = image.png; path = "Icon-Small.png"; sourceTree = "<group>"; };
		D94EF9DC1321A9FF00EB7774 /* Icon-Small@2x.png */ = {isa = PBXFileReference; lastKnownFileType = image.png; path = "Icon-Small@2x.png"; sourceTree = "<group>"; };
		D94EF9DD1321A9FF00EB7774 /* Icon.png */ = {isa = PBXFileReference; lastKnownFileType = image.png; path = Icon.png; sourceTree = "<group>"; };
		D94EF9DE1321A9FF00EB7774 /* Icon@2x.png */ = {isa = PBXFileReference; lastKnownFileType = image.png; path = "Icon@2x.png"; sourceTree = "<group>"; };
		D9597346131AD23200953BA7 /* btn_big.png */ = {isa = PBXFileReference; lastKnownFileType = image.png; path = btn_big.png; sourceTree = "<group>"; };
		D9597347131AD23200953BA7 /* btn_small.png */ = {isa = PBXFileReference; lastKnownFileType = image.png; path = btn_small.png; sourceTree = "<group>"; };
		D961CB0513237F320055A5F4 /* AVFoundation.framework */ = {isa = PBXFileReference; lastKnownFileType = wrapper.framework; name = AVFoundation.framework; path = System/Library/Frameworks/AVFoundation.framework; sourceTree = SDKROOT; };
		D961CB0B13237FA20055A5F4 /* LightViewController.h */ = {isa = PBXFileReference; fileEncoding = 4; lastKnownFileType = sourcecode.c.h; path = LightViewController.h; sourceTree = "<group>"; };
		D961CB0C13237FA20055A5F4 /* LightViewController.m */ = {isa = PBXFileReference; fileEncoding = 4; lastKnownFileType = sourcecode.c.objc; path = LightViewController.m; sourceTree = "<group>"; };
		D961CCB6132384BB0055A5F4 /* LightViewController.xib */ = {isa = PBXFileReference; lastKnownFileType = file.xib; path = LightViewController.xib; sourceTree = "<group>"; };
		D96252BC13195E5000BF99AF /* Logging.h */ = {isa = PBXFileReference; fileEncoding = 4; lastKnownFileType = sourcecode.c.h; path = Logging.h; sourceTree = "<group>"; };
		D962530513196B5900BF99AF /* data.json */ = {isa = PBXFileReference; fileEncoding = 4; lastKnownFileType = text; path = data.json; sourceTree = "<group>"; };
		D962530613196E5700BF99AF /* template.json */ = {isa = PBXFileReference; fileEncoding = 4; lastKnownFileType = text; path = template.json; sourceTree = "<group>"; };
		D962536113197A5000BF99AF /* Constants.h */ = {isa = PBXFileReference; fileEncoding = 4; lastKnownFileType = sourcecode.c.h; path = Constants.h; sourceTree = "<group>"; };
		D96255471319DA7600BF99AF /* transport-lines.plist */ = {isa = PBXFileReference; fileEncoding = 4; lastKnownFileType = text.plist.xml; path = "transport-lines.plist"; sourceTree = "<group>"; };
		D98CFC3D131DB59500B48FE5 /* MBProgressHUD.h */ = {isa = PBXFileReference; fileEncoding = 4; lastKnownFileType = sourcecode.c.h; path = MBProgressHUD.h; sourceTree = "<group>"; };
		D98CFC3E131DB59500B48FE5 /* MBProgressHUD.m */ = {isa = PBXFileReference; fileEncoding = 4; lastKnownFileType = sourcecode.c.objc; path = MBProgressHUD.m; sourceTree = "<group>"; };
		D98CFCFD131EF66F00B48FE5 /* Settings.bundle */ = {isa = PBXFileReference; lastKnownFileType = "wrapper.plug-in"; path = Settings.bundle; sourceTree = "<group>"; };
		D9A1C4781322FA800022AB13 /* earth.png */ = {isa = PBXFileReference; lastKnownFileType = image.png; path = earth.png; sourceTree = "<group>"; };
		D9A1C4791322FA800022AB13 /* help.png */ = {isa = PBXFileReference; lastKnownFileType = image.png; path = help.png; sourceTree = "<group>"; };
		D9A1C47A1322FA800022AB13 /* icon_earth.png */ = {isa = PBXFileReference; lastKnownFileType = image.png; path = icon_earth.png; sourceTree = "<group>"; };
		D9A1C47B1322FA800022AB13 /* icon_earth@2x.png */ = {isa = PBXFileReference; lastKnownFileType = image.png; path = "icon_earth@2x.png"; sourceTree = "<group>"; };
		D9A1C47C1322FA800022AB13 /* icon_help.png */ = {isa = PBXFileReference; lastKnownFileType = image.png; path = icon_help.png; sourceTree = "<group>"; };
		D9A1C47D1322FA800022AB13 /* icon_help@2x.png */ = {isa = PBXFileReference; lastKnownFileType = image.png; path = "icon_help@2x.png"; sourceTree = "<group>"; };
		D9A1C4841322FC090022AB13 /* icon_light.png */ = {isa = PBXFileReference; lastKnownFileType = image.png; path = icon_light.png; sourceTree = "<group>"; };
		D9A1C4851322FC090022AB13 /* icon_light@2x.png */ = {isa = PBXFileReference; lastKnownFileType = image.png; path = "icon_light@2x.png"; sourceTree = "<group>"; };
		D9A1C4861322FC090022AB13 /* light.png */ = {isa = PBXFileReference; lastKnownFileType = image.png; path = light.png; sourceTree = "<group>"; };
		D9A1C4C113230BC10022AB13 /* WebListViewController.h */ = {isa = PBXFileReference; fileEncoding = 4; lastKnownFileType = sourcecode.c.h; path = WebListViewController.h; sourceTree = "<group>"; };
		D9A1C4C213230BC10022AB13 /* WebListViewController.m */ = {isa = PBXFileReference; fileEncoding = 4; lastKnownFileType = sourcecode.c.objc; path = WebListViewController.m; sourceTree = "<group>"; };
		D9A1C4C313230BC10022AB13 /* WebListViewController.xib */ = {isa = PBXFileReference; lastKnownFileType = file.xib; path = WebListViewController.xib; sourceTree = "<group>"; };
		D9A1C4DA13230C780022AB13 /* websites.plist */ = {isa = PBXFileReference; fileEncoding = 4; lastKnownFileType = text.plist.xml; path = websites.plist; sourceTree = "<group>"; };
		D9A1C4DC13230EDE0022AB13 /* WebViewController.h */ = {isa = PBXFileReference; fileEncoding = 4; lastKnownFileType = sourcecode.c.h; path = WebViewController.h; sourceTree = "<group>"; };
		D9A1C4DD13230EDE0022AB13 /* WebViewController.m */ = {isa = PBXFileReference; fileEncoding = 4; lastKnownFileType = sourcecode.c.objc; path = WebViewController.m; sourceTree = "<group>"; };
		D9A1C4DE13230EDE0022AB13 /* WebViewController.xib */ = {isa = PBXFileReference; lastKnownFileType = file.xib; path = WebViewController.xib; sourceTree = "<group>"; };
		D9A45AA21324453C004ED0BB /* AboutViewController.h */ = {isa = PBXFileReference; fileEncoding = 4; lastKnownFileType = sourcecode.c.h; path = AboutViewController.h; sourceTree = "<group>"; };
		D9A45AA31324453C004ED0BB /* AboutViewController.m */ = {isa = PBXFileReference; fileEncoding = 4; lastKnownFileType = sourcecode.c.objc; path = AboutViewController.m; sourceTree = "<group>"; };
		D9A45AA41324453C004ED0BB /* AboutViewController.xib */ = {isa = PBXFileReference; lastKnownFileType = file.xib; path = AboutViewController.xib; sourceTree = "<group>"; };
		D9CCC7AC1324473F00BD0780 /* about.txt */ = {isa = PBXFileReference; fileEncoding = 4; lastKnownFileType = text; path = about.txt; sourceTree = "<group>"; };
		D9CCC7E013244DB200BD0780 /* icon_information.png */ = {isa = PBXFileReference; lastKnownFileType = image.png; path = icon_information.png; sourceTree = "<group>"; };
		D9CCC7E113244DB200BD0780 /* icon_information@2x.png */ = {isa = PBXFileReference; lastKnownFileType = image.png; path = "icon_information@2x.png"; sourceTree = "<group>"; };
		D9CCC7E213244DB200BD0780 /* information.png */ = {isa = PBXFileReference; lastKnownFileType = image.png; path = information.png; sourceTree = "<group>"; };
		D9E2F87913185ED200948F2F /* JSON.h */ = {isa = PBXFileReference; fileEncoding = 4; lastKnownFileType = sourcecode.c.h; path = JSON.h; sourceTree = "<group>"; };
		D9E2F87A13185ED200948F2F /* NSObject+JSON.h */ = {isa = PBXFileReference; fileEncoding = 4; lastKnownFileType = sourcecode.c.h; path = "NSObject+JSON.h"; sourceTree = "<group>"; };
		D9E2F87B13185ED200948F2F /* NSObject+JSON.m */ = {isa = PBXFileReference; fileEncoding = 4; lastKnownFileType = sourcecode.c.objc; path = "NSObject+JSON.m"; sourceTree = "<group>"; };
		D9E2F87C13185ED200948F2F /* SBJsonParser.h */ = {isa = PBXFileReference; fileEncoding = 4; lastKnownFileType = sourcecode.c.h; path = SBJsonParser.h; sourceTree = "<group>"; };
		D9E2F87D13185ED200948F2F /* SBJsonParser.m */ = {isa = PBXFileReference; fileEncoding = 4; lastKnownFileType = sourcecode.c.objc; path = SBJsonParser.m; sourceTree = "<group>"; };
		D9E2F87E13185ED300948F2F /* SBJsonStreamParser.h */ = {isa = PBXFileReference; fileEncoding = 4; lastKnownFileType = sourcecode.c.h; path = SBJsonStreamParser.h; sourceTree = "<group>"; };
		D9E2F87F13185ED300948F2F /* SBJsonStreamParser.m */ = {isa = PBXFileReference; fileEncoding = 4; lastKnownFileType = sourcecode.c.objc; path = SBJsonStreamParser.m; sourceTree = "<group>"; };
		D9E2F88013185ED300948F2F /* SBJsonStreamParserAdapter.h */ = {isa = PBXFileReference; fileEncoding = 4; lastKnownFileType = sourcecode.c.h; path = SBJsonStreamParserAdapter.h; sourceTree = "<group>"; };
		D9E2F88113185ED300948F2F /* SBJsonStreamParserAdapter.m */ = {isa = PBXFileReference; fileEncoding = 4; lastKnownFileType = sourcecode.c.objc; path = SBJsonStreamParserAdapter.m; sourceTree = "<group>"; };
		D9E2F88213185ED300948F2F /* SBJsonStreamParserState.h */ = {isa = PBXFileReference; fileEncoding = 4; lastKnownFileType = sourcecode.c.h; path = SBJsonStreamParserState.h; sourceTree = "<group>"; };
		D9E2F88313185ED300948F2F /* SBJsonStreamParserState.m */ = {isa = PBXFileReference; fileEncoding = 4; lastKnownFileType = sourcecode.c.objc; path = SBJsonStreamParserState.m; sourceTree = "<group>"; };
		D9E2F88413185ED300948F2F /* SBJsonStreamWriter.h */ = {isa = PBXFileReference; fileEncoding = 4; lastKnownFileType = sourcecode.c.h; path = SBJsonStreamWriter.h; sourceTree = "<group>"; };
		D9E2F88513185ED300948F2F /* SBJsonStreamWriter.m */ = {isa = PBXFileReference; fileEncoding = 4; lastKnownFileType = sourcecode.c.objc; path = SBJsonStreamWriter.m; sourceTree = "<group>"; };
		D9E2F88613185ED300948F2F /* SBJsonStreamWriterState.h */ = {isa = PBXFileReference; fileEncoding = 4; lastKnownFileType = sourcecode.c.h; path = SBJsonStreamWriterState.h; sourceTree = "<group>"; };
		D9E2F88713185ED300948F2F /* SBJsonStreamWriterState.m */ = {isa = PBXFileReference; fileEncoding = 4; lastKnownFileType = sourcecode.c.objc; path = SBJsonStreamWriterState.m; sourceTree = "<group>"; };
		D9E2F88813185ED300948F2F /* SBJsonTokeniser.h */ = {isa = PBXFileReference; fileEncoding = 4; lastKnownFileType = sourcecode.c.h; path = SBJsonTokeniser.h; sourceTree = "<group>"; };
		D9E2F88913185ED300948F2F /* SBJsonTokeniser.m */ = {isa = PBXFileReference; fileEncoding = 4; lastKnownFileType = sourcecode.c.objc; path = SBJsonTokeniser.m; sourceTree = "<group>"; };
		D9E2F88A13185ED300948F2F /* SBJsonWriter.h */ = {isa = PBXFileReference; fileEncoding = 4; lastKnownFileType = sourcecode.c.h; path = SBJsonWriter.h; sourceTree = "<group>"; };
		D9E2F88B13185ED300948F2F /* SBJsonWriter.m */ = {isa = PBXFileReference; fileEncoding = 4; lastKnownFileType = sourcecode.c.objc; path = SBJsonWriter.m; sourceTree = "<group>"; };
		D9E2F9641318841800948F2F /* IncidentDetailViewController.h */ = {isa = PBXFileReference; fileEncoding = 4; lastKnownFileType = sourcecode.c.h; path = IncidentDetailViewController.h; sourceTree = "<group>"; };
		D9E2F9651318841800948F2F /* IncidentDetailViewController.m */ = {isa = PBXFileReference; fileEncoding = 4; lastKnownFileType = sourcecode.c.objc; path = IncidentDetailViewController.m; sourceTree = "<group>"; };
		D9E2F9661318841800948F2F /* IncidentDetailViewController.xib */ = {isa = PBXFileReference; lastKnownFileType = file.xib; path = IncidentDetailViewController.xib; sourceTree = "<group>"; };
		D9E2FA9E1319502900948F2F /* IncidentAddViewController.h */ = {isa = PBXFileReference; fileEncoding = 4; lastKnownFileType = sourcecode.c.h; path = IncidentAddViewController.h; sourceTree = "<group>"; };
		D9E2FA9F1319502900948F2F /* IncidentAddViewController.m */ = {isa = PBXFileReference; fileEncoding = 4; lastKnownFileType = sourcecode.c.objc; path = IncidentAddViewController.m; sourceTree = "<group>"; };
		D9E2FAA01319502900948F2F /* IncidentAddViewController.xib */ = {isa = PBXFileReference; lastKnownFileType = file.xib; path = IncidentAddViewController.xib; sourceTree = "<group>"; };
/* End PBXFileReference section */

/* Begin PBXFrameworksBuildPhase section */
		1D60588F0D05DD3D006BFB54 /* Frameworks */ = {
			isa = PBXFrameworksBuildPhase;
			buildActionMask = 2147483647;
			files = (
				1D60589F0D05DD5A006BFB54 /* Foundation.framework in Frameworks */,
				1DF5F4E00D08C38300B7A737 /* UIKit.framework in Frameworks */,
				2892E4100DC94CBA00A64D0F /* CoreGraphics.framework in Frameworks */,
				D961CB0613237F320055A5F4 /* AVFoundation.framework in Frameworks */,
			);
			runOnlyForDeploymentPostprocessing = 0;
		};
/* End PBXFrameworksBuildPhase section */

/* Begin PBXGroup section */
		080E96DDFE201D6D7F000001 /* Classes */ = {
			isa = PBXGroup;
			children = (
				D98CFC3C131DB57200B48FE5 /* ProgressHUD */,
				D9E2F87813185ED200948F2F /* JSON */,
				1D3623240D0F684500981E51 /* iMLateAppDelegate.h */,
				1D3623250D0F684500981E51 /* iMLateAppDelegate.m */,
				28C286DF0D94DF7D0034E888 /* RootViewController.h */,
				28C286E00D94DF7D0034E888 /* RootViewController.m */,
				D9E2FA9E1319502900948F2F /* IncidentAddViewController.h */,
				D9E2FA9F1319502900948F2F /* IncidentAddViewController.m */,
				D9E2F9641318841800948F2F /* IncidentDetailViewController.h */,
				D9E2F9651318841800948F2F /* IncidentDetailViewController.m */,
				D94EF93D1321757C00EB7774 /* CurrentIncidentsViewController.h */,
				D94EF93E1321757C00EB7774 /* CurrentIncidentsViewController.m */,
				D94EF942132176AD00EB7774 /* HourIncidentsViewController.h */,
				D94EF943132176AD00EB7774 /* HourIncidentsViewController.m */,
				D94EF947132176F900EB7774 /* DayIncidentsViewController.h */,
				D94EF948132176F900EB7774 /* DayIncidentsViewController.m */,
				D9A1C4C113230BC10022AB13 /* WebListViewController.h */,
				D9A1C4C213230BC10022AB13 /* WebListViewController.m */,
				D9A1C4DC13230EDE0022AB13 /* WebViewController.h */,
				D9A1C4DD13230EDE0022AB13 /* WebViewController.m */,
				D961CB0B13237FA20055A5F4 /* LightViewController.h */,
				D961CB0C13237FA20055A5F4 /* LightViewController.m */,
				D9282DF11323BEF200CEC10D /* HelpViewController.h */,
				D9282DF21323BEF200CEC10D /* HelpViewController.m */,
				D9282E451323E3E200CEC10D /* HelpPageViewController.h */,
				D9282E461323E3E200CEC10D /* HelpPageViewController.m */,
				D9A45AA21324453C004ED0BB /* AboutViewController.h */,
				D9A45AA31324453C004ED0BB /* AboutViewController.m */,
			);
			path = Classes;
			sourceTree = "<group>";
		};
		19C28FACFE9D520D11CA2CBB /* Products */ = {
			isa = PBXGroup;
			children = (
				1D6058910D05DD3D006BFB54 /* iMLate.app */,
			);
			name = Products;
			sourceTree = "<group>";
		};
		29B97314FDCFA39411CA2CEA /* CustomTemplate */ = {
			isa = PBXGroup;
			children = (
				080E96DDFE201D6D7F000001 /* Classes */,
				29B97315FDCFA39411CA2CEA /* Other Sources */,
				29B97317FDCFA39411CA2CEA /* Resources */,
				29B97323FDCFA39411CA2CEA /* Frameworks */,
				19C28FACFE9D520D11CA2CBB /* Products */,
				D98CFCFD131EF66F00B48FE5 /* Settings.bundle */,
			);
			name = CustomTemplate;
			sourceTree = "<group>";
		};
		29B97315FDCFA39411CA2CEA /* Other Sources */ = {
			isa = PBXGroup;
			children = (
				28A0AAE50D9B0CCF005BE974 /* iMLate_Prefix.pch */,
				29B97316FDCFA39411CA2CEA /* main.m */,
				D96252BC13195E5000BF99AF /* Logging.h */,
				D962536113197A5000BF99AF /* Constants.h */,
			);
			name = "Other Sources";
			sourceTree = "<group>";
		};
		29B97317FDCFA39411CA2CEA /* Resources */ = {
			isa = PBXGroup;
			children = (
				D9597344131AD22100953BA7 /* Images */,
				28AD735F0D9D9599002E5188 /* MainWindow.xib */,
				28F335F01007B36200424DE2 /* RootViewController.xib */,
				D9E2F9661318841800948F2F /* IncidentDetailViewController.xib */,
				D9E2FAA01319502900948F2F /* IncidentAddViewController.xib */,
				D9A1C4C313230BC10022AB13 /* WebListViewController.xib */,
				D9A1C4DE13230EDE0022AB13 /* WebViewController.xib */,
				D9282DF31323BEF200CEC10D /* HelpViewController.xib */,
				D9282E471323E3E200CEC10D /* HelpPageViewController.xib */,
				D961CCB6132384BB0055A5F4 /* LightViewController.xib */,
				D9A45AA41324453C004ED0BB /* AboutViewController.xib */,
				D962530513196B5900BF99AF /* data.json */,
				D962530613196E5700BF99AF /* template.json */,
				8D1107310486CEB800E47090 /* iMLate-Info.plist */,
				D96255471319DA7600BF99AF /* transport-lines.plist */,
				D913A54B131A5A2F0019B379 /* transport-means.plist */,
				D9A1C4DA13230C780022AB13 /* websites.plist */,
				D9282D011323A6B700CEC10D /* Entitlements.plist */,
				D9282E0F1323C52F00CEC10D /* help-images.plist */,
				D9CCC7AC1324473F00BD0780 /* about.txt */,
			);
			name = Resources;
			sourceTree = "<group>";
		};
		29B97323FDCFA39411CA2CEA /* Frameworks */ = {
			isa = PBXGroup;
			children = (
				1DF5F4DF0D08C38300B7A737 /* UIKit.framework */,
				1D30AB110D05D00D00671497 /* Foundation.framework */,
				2892E40F0DC94CBA00A64D0F /* CoreGraphics.framework */,
				D961CB0513237F320055A5F4 /* AVFoundation.framework */,
			);
			name = Frameworks;
			sourceTree = "<group>";
		};
		D9597344131AD22100953BA7 /* Images */ = {
			isa = PBXGroup;
			children = (
				D9CCC7E213244DB200BD0780 /* information.png */,
				D94EF9DB1321A9FF00EB7774 /* Icon-Small.png */,
				D94EF9DC1321A9FF00EB7774 /* Icon-Small@2x.png */,
				D94EF9DD1321A9FF00EB7774 /* Icon.png */,
				D94EF9DE1321A9FF00EB7774 /* Icon@2x.png */,
				D9282FC91324016500CEC10D /* help_add_incident.png */,
				D9282FCA1324016500CEC10D /* help_details_incident.png */,
				D9282FCB1324016500CEC10D /* help_incidents_list.png */,
				D9282FCC1324016500CEC10D /* help_light.png */,
				D9282FCD1324016500CEC10D /* help_main.png */,
				D9282FCE1324016500CEC10D /* help_others.png */,
				D9282FCF1324016500CEC10D /* help_transporters.png */,
				D9A1C4841322FC090022AB13 /* icon_light.png */,
				D9A1C4851322FC090022AB13 /* icon_light@2x.png */,
				D9A1C4861322FC090022AB13 /* light.png */,
				D9A1C4781322FA800022AB13 /* earth.png */,
				D9A1C4791322FA800022AB13 /* help.png */,
				D9A1C47A1322FA800022AB13 /* icon_earth.png */,
				D9A1C47B1322FA800022AB13 /* icon_earth@2x.png */,
				D9A1C47C1322FA800022AB13 /* icon_help.png */,
				D9A1C47D1322FA800022AB13 /* icon_help@2x.png */,
				D9CCC7E013244DB200BD0780 /* icon_information.png */,
				D9CCC7E113244DB200BD0780 /* icon_information@2x.png */,
				D94EF9D81321A9FF00EB7774 /* icon_template_button.png */,
				D94EF9D91321A9FF00EB7774 /* icon_template_train.png */,
				D94EF9DA1321A9FF00EB7774 /* icon_template.png */,
				D94EF9BA1321A31F00EB7774 /* calendar.png */,
				D94EF9BB1321A31F00EB7774 /* clock.png */,
				D94EF9BC1321A31F00EB7774 /* diary.png */,
				D94EF9BD1321A31F00EB7774 /* hourglass.png */,
				D94EF9BE1321A31F00EB7774 /* icon_calendar.png */,
				D94EF9BF1321A31F00EB7774 /* icon_calendar@2x.png */,
				D94EF9C01321A31F00EB7774 /* icon_clock.png */,
				D94EF9C11321A31F00EB7774 /* icon_clock@2x.png */,
				D94EF9C21321A31F00EB7774 /* icon_diary.png */,
				D94EF9C31321A31F00EB7774 /* icon_diary@2x.png */,
				D94EF9C41321A31F00EB7774 /* icon_hourglass.png */,
				D94EF9C51321A31F00EB7774 /* icon_hourglass@2x.png */,
				D9597346131AD23200953BA7 /* btn_big.png */,
				D9597347131AD23200953BA7 /* btn_small.png */,
			);
			name = Images;
			sourceTree = "<group>";
		};
		D98CFC3C131DB57200B48FE5 /* ProgressHUD */ = {
			isa = PBXGroup;
			children = (
				D98CFC3D131DB59500B48FE5 /* MBProgressHUD.h */,
				D98CFC3E131DB59500B48FE5 /* MBProgressHUD.m */,
			);
			name = ProgressHUD;
			sourceTree = "<group>";
		};
		D9E2F87813185ED200948F2F /* JSON */ = {
			isa = PBXGroup;
			children = (
				D9E2F87913185ED200948F2F /* JSON.h */,
				D9E2F87A13185ED200948F2F /* NSObject+JSON.h */,
				D9E2F87B13185ED200948F2F /* NSObject+JSON.m */,
				D9E2F87C13185ED200948F2F /* SBJsonParser.h */,
				D9E2F87D13185ED200948F2F /* SBJsonParser.m */,
				D9E2F87E13185ED300948F2F /* SBJsonStreamParser.h */,
				D9E2F87F13185ED300948F2F /* SBJsonStreamParser.m */,
				D9E2F88013185ED300948F2F /* SBJsonStreamParserAdapter.h */,
				D9E2F88113185ED300948F2F /* SBJsonStreamParserAdapter.m */,
				D9E2F88213185ED300948F2F /* SBJsonStreamParserState.h */,
				D9E2F88313185ED300948F2F /* SBJsonStreamParserState.m */,
				D9E2F88413185ED300948F2F /* SBJsonStreamWriter.h */,
				D9E2F88513185ED300948F2F /* SBJsonStreamWriter.m */,
				D9E2F88613185ED300948F2F /* SBJsonStreamWriterState.h */,
				D9E2F88713185ED300948F2F /* SBJsonStreamWriterState.m */,
				D9E2F88813185ED300948F2F /* SBJsonTokeniser.h */,
				D9E2F88913185ED300948F2F /* SBJsonTokeniser.m */,
				D9E2F88A13185ED300948F2F /* SBJsonWriter.h */,
				D9E2F88B13185ED300948F2F /* SBJsonWriter.m */,
			);
			name = JSON;
			path = json;
			sourceTree = "<group>";
		};
/* End PBXGroup section */

/* Begin PBXNativeTarget section */
		1D6058900D05DD3D006BFB54 /* iMLate */ = {
			isa = PBXNativeTarget;
			buildConfigurationList = 1D6058960D05DD3E006BFB54 /* Build configuration list for PBXNativeTarget "iMLate" */;
			buildPhases = (
				1D60588D0D05DD3D006BFB54 /* Resources */,
				1D60588E0D05DD3D006BFB54 /* Sources */,
				1D60588F0D05DD3D006BFB54 /* Frameworks */,
			);
			buildRules = (
			);
			dependencies = (
			);
			name = iMLate;
			productName = iMLate;
			productReference = 1D6058910D05DD3D006BFB54 /* iMLate.app */;
			productType = "com.apple.product-type.application";
		};
/* End PBXNativeTarget section */

/* Begin PBXProject section */
		29B97313FDCFA39411CA2CEA /* Project object */ = {
			isa = PBXProject;
			buildConfigurationList = C01FCF4E08A954540054247B /* Build configuration list for PBXProject "iMLate" */;
			compatibilityVersion = "Xcode 3.1";
			developmentRegion = English;
			hasScannedForEncodings = 1;
			knownRegions = (
				English,
				Japanese,
				French,
				German,
				en,
			);
			mainGroup = 29B97314FDCFA39411CA2CEA /* CustomTemplate */;
			projectDirPath = "";
			projectRoot = "";
			targets = (
				1D6058900D05DD3D006BFB54 /* iMLate */,
			);
		};
/* End PBXProject section */

/* Begin PBXResourcesBuildPhase section */
		1D60588D0D05DD3D006BFB54 /* Resources */ = {
			isa = PBXResourcesBuildPhase;
			buildActionMask = 2147483647;
			files = (
				28AD73600D9D9599002E5188 /* MainWindow.xib in Resources */,
				28F335F11007B36200424DE2 /* RootViewController.xib in Resources */,
				D9E2F9681318841800948F2F /* IncidentDetailViewController.xib in Resources */,
				D9E2FAA21319502900948F2F /* IncidentAddViewController.xib in Resources */,
				D96255481319DA7600BF99AF /* transport-lines.plist in Resources */,
				D913A54C131A5A2F0019B379 /* transport-means.plist in Resources */,
				D9597348131AD23200953BA7 /* btn_big.png in Resources */,
				D9597349131AD23200953BA7 /* btn_small.png in Resources */,
				D98CFCFE131EF66F00B48FE5 /* Settings.bundle in Resources */,
				D94EF9CA1321A31F00EB7774 /* icon_calendar.png in Resources */,
				D94EF9CB1321A31F00EB7774 /* icon_calendar@2x.png in Resources */,
				D94EF9CC1321A31F00EB7774 /* icon_clock.png in Resources */,
				D94EF9CD1321A31F00EB7774 /* icon_clock@2x.png in Resources */,
				D94EF9CE1321A31F00EB7774 /* icon_diary.png in Resources */,
				D94EF9CF1321A31F00EB7774 /* icon_diary@2x.png in Resources */,
				D94EF9D01321A31F00EB7774 /* icon_hourglass.png in Resources */,
				D94EF9D11321A31F00EB7774 /* icon_hourglass@2x.png in Resources */,
				D94EF9E21321A9FF00EB7774 /* Icon-Small.png in Resources */,
				D94EF9E31321A9FF00EB7774 /* Icon-Small@2x.png in Resources */,
				D94EF9E41321A9FF00EB7774 /* Icon.png in Resources */,
				D94EF9E51321A9FF00EB7774 /* Icon@2x.png in Resources */,
				D9A1C47E1322FA800022AB13 /* earth.png in Resources */,
				D9A1C47F1322FA800022AB13 /* help.png in Resources */,
				D9A1C4801322FA800022AB13 /* icon_earth.png in Resources */,
				D9A1C4811322FA800022AB13 /* icon_earth@2x.png in Resources */,
				D9A1C4821322FA800022AB13 /* icon_help.png in Resources */,
				D9A1C4831322FA800022AB13 /* icon_help@2x.png in Resources */,
				D9A1C4871322FC090022AB13 /* icon_light.png in Resources */,
				D9A1C4881322FC090022AB13 /* icon_light@2x.png in Resources */,
				D9A1C4891322FC090022AB13 /* light.png in Resources */,
				D9A1C4C513230BC10022AB13 /* WebListViewController.xib in Resources */,
				D9A1C4DB13230C780022AB13 /* websites.plist in Resources */,
				D9A1C4E013230EDE0022AB13 /* WebViewController.xib in Resources */,
				D961CCB7132384BB0055A5F4 /* LightViewController.xib in Resources */,
				D9282DF51323BEF200CEC10D /* HelpViewController.xib in Resources */,
				D9282E101323C52F00CEC10D /* help-images.plist in Resources */,
				D9282E491323E3E200CEC10D /* HelpPageViewController.xib in Resources */,
				D9282FD01324016500CEC10D /* help_add_incident.png in Resources */,
				D9282FD11324016500CEC10D /* help_details_incident.png in Resources */,
				D9282FD21324016500CEC10D /* help_incidents_list.png in Resources */,
				D9282FD31324016500CEC10D /* help_light.png in Resources */,
				D9282FD41324016500CEC10D /* help_main.png in Resources */,
				D9282FD51324016500CEC10D /* help_others.png in Resources */,
				D9282FD61324016500CEC10D /* help_transporters.png in Resources */,
				D9A45AA61324453C004ED0BB /* AboutViewController.xib in Resources */,
				D9CCC7AD1324473F00BD0780 /* about.txt in Resources */,
				D9CCC7E313244DB200BD0780 /* icon_information.png in Resources */,
				D9CCC7E413244DB200BD0780 /* icon_information@2x.png in Resources */,
				D9CCC7E513244DB200BD0780 /* information.png in Resources */,
			);
			runOnlyForDeploymentPostprocessing = 0;
		};
/* End PBXResourcesBuildPhase section */

/* Begin PBXSourcesBuildPhase section */
		1D60588E0D05DD3D006BFB54 /* Sources */ = {
			isa = PBXSourcesBuildPhase;
			buildActionMask = 2147483647;
			files = (
				1D60589B0D05DD56006BFB54 /* main.m in Sources */,
				1D3623260D0F684500981E51 /* iMLateAppDelegate.m in Sources */,
				28C286E10D94DF7D0034E888 /* RootViewController.m in Sources */,
				D9E2F88C13185ED300948F2F /* NSObject+JSON.m in Sources */,
				D9E2F88D13185ED300948F2F /* SBJsonParser.m in Sources */,
				D9E2F88E13185ED300948F2F /* SBJsonStreamParser.m in Sources */,
				D9E2F88F13185ED300948F2F /* SBJsonStreamParserAdapter.m in Sources */,
				D9E2F89013185ED300948F2F /* SBJsonStreamParserState.m in Sources */,
				D9E2F89113185ED300948F2F /* SBJsonStreamWriter.m in Sources */,
				D9E2F89213185ED300948F2F /* SBJsonStreamWriterState.m in Sources */,
				D9E2F89313185ED300948F2F /* SBJsonTokeniser.m in Sources */,
				D9E2F89413185ED300948F2F /* SBJsonWriter.m in Sources */,
				D9E2F9671318841800948F2F /* IncidentDetailViewController.m in Sources */,
				D9E2FAA11319502900948F2F /* IncidentAddViewController.m in Sources */,
				D98CFC3F131DB59500B48FE5 /* MBProgressHUD.m in Sources */,
				D94EF93F1321757C00EB7774 /* CurrentIncidentsViewController.m in Sources */,
				D94EF944132176AD00EB7774 /* HourIncidentsViewController.m in Sources */,
				D94EF949132176F900EB7774 /* DayIncidentsViewController.m in Sources */,
				D9A1C4C413230BC10022AB13 /* WebListViewController.m in Sources */,
				D9A1C4DF13230EDE0022AB13 /* WebViewController.m in Sources */,
				D961CB0E13237FA20055A5F4 /* LightViewController.m in Sources */,
				D9282DF41323BEF200CEC10D /* HelpViewController.m in Sources */,
				D9282E481323E3E200CEC10D /* HelpPageViewController.m in Sources */,
				D9A45AA51324453C004ED0BB /* AboutViewController.m in Sources */,
			);
			runOnlyForDeploymentPostprocessing = 0;
		};
/* End PBXSourcesBuildPhase section */

/* Begin XCBuildConfiguration section */
		1D6058940D05DD3E006BFB54 /* Debug */ = {
			isa = XCBuildConfiguration;
			buildSettings = {
				ALWAYS_SEARCH_USER_PATHS = NO;
				"CODE_SIGN_IDENTITY[sdk=iphoneos*]" = "iPhone Developer";
				COPY_PHASE_STRIP = NO;
				GCC_DYNAMIC_NO_PIC = NO;
				GCC_OPTIMIZATION_LEVEL = 0;
				GCC_PRECOMPILE_PREFIX_HEADER = YES;
				GCC_PREFIX_HEADER = iMLate_Prefix.pch;
				INFOPLIST_FILE = "iMLate-Info.plist";
				IPHONEOS_DEPLOYMENT_TARGET = 3.0;
				PRODUCT_NAME = iMLate;
				"PROVISIONING_PROFILE[sdk=iphoneos*]" = "";
				VALIDATE_PRODUCT = NO;
			};
			name = Debug;
		};
		1D6058950D05DD3E006BFB54 /* Release */ = {
			isa = XCBuildConfiguration;
			buildSettings = {
				ALWAYS_SEARCH_USER_PATHS = NO;
				CODE_SIGN_ENTITLEMENTS = "~/Documents/iMLate/incidents-transports/Entitlements.plist";
				COPY_PHASE_STRIP = YES;
				GCC_PRECOMPILE_PREFIX_HEADER = YES;
				GCC_PREFIX_HEADER = iMLate_Prefix.pch;
				INFOPLIST_FILE = "iMLate-Info.plist";
				IPHONEOS_DEPLOYMENT_TARGET = 3.0;
				PRODUCT_NAME = iMLate;
				VALIDATE_PRODUCT = YES;
			};
			name = Release;
		};
		C01FCF4F08A954540054247B /* Debug */ = {
			isa = XCBuildConfiguration;
			buildSettings = {
				ARCHS = "$(ARCHS_STANDARD_32_BIT)";
				"CODE_SIGN_IDENTITY[sdk=iphoneos*]" = "iPhone Developer";
				GCC_C_LANGUAGE_STANDARD = c99;
				GCC_WARN_ABOUT_RETURN_TYPE = YES;
				GCC_WARN_UNUSED_VARIABLE = YES;
				OTHER_CFLAGS = "";
				PREBINDING = NO;
				SDKROOT = iphoneos;
			};
			name = Debug;
		};
		C01FCF5008A954540054247B /* Release */ = {
			isa = XCBuildConfiguration;
			buildSettings = {
				ARCHS = "$(ARCHS_STANDARD_32_BIT)";
				"CODE_SIGN_IDENTITY[sdk=iphoneos*]" = "iPhone Developer";
				GCC_C_LANGUAGE_STANDARD = c99;
				GCC_WARN_ABOUT_RETURN_TYPE = YES;
				GCC_WARN_UNUSED_VARIABLE = YES;
				OTHER_CFLAGS = "-DNS_BLOCK_ASSERTIONS=1";
				PREBINDING = NO;
				SDKROOT = iphoneos;
			};
			name = Release;
		};
		D94681C81321C81D00A1CBC1 /* Distribution */ = {
			isa = XCBuildConfiguration;
			buildSettings = {
				ARCHS = "$(ARCHS_STANDARD_32_BIT)";
				CODE_SIGN_ENTITLEMENTS = Entitlements.plist;
				"CODE_SIGN_IDENTITY[sdk=iphoneos*]" = "iPhone Developer";
				GCC_C_LANGUAGE_STANDARD = c99;
				GCC_WARN_ABOUT_RETURN_TYPE = YES;
				GCC_WARN_UNUSED_VARIABLE = YES;
				IPHONEOS_DEPLOYMENT_TARGET = 3.0;
				OTHER_CFLAGS = "-DNS_BLOCK_ASSERTIONS=1";
				PREBINDING = NO;
				SDKROOT = iphoneos;
			};
			name = Distribution;
		};
		D94681C91321C81D00A1CBC1 /* Distribution */ = {
			isa = XCBuildConfiguration;
			buildSettings = {
				ALWAYS_SEARCH_USER_PATHS = NO;
				CODE_SIGN_ENTITLEMENTS = "~/Documents/iMLate/incidents-transports/Entitlements.plist";
				"CODE_SIGN_IDENTITY[sdk=iphoneos*]" = "iPhone Distribution";
				COPY_PHASE_STRIP = YES;
				GCC_PRECOMPILE_PREFIX_HEADER = YES;
				GCC_PREFIX_HEADER = iMLate_Prefix.pch;
				INFOPLIST_FILE = "iMLate-Info.plist";
				IPHONEOS_DEPLOYMENT_TARGET = 3.0;
				PRODUCT_NAME = iMLate;
				"PROVISIONING_PROFILE[sdk=iphoneos*]" = "";
				VALIDATE_PRODUCT = YES;
			};
			name = Distribution;
		};
/* End XCBuildConfiguration section */

/* Begin XCConfigurationList section */
		1D6058960D05DD3E006BFB54 /* Build configuration list for PBXNativeTarget "iMLate" */ = {
			isa = XCConfigurationList;
			buildConfigurations = (
				1D6058940D05DD3E006BFB54 /* Debug */,
				1D6058950D05DD3E006BFB54 /* Release */,
				D94681C91321C81D00A1CBC1 /* Distribution */,
			);
			defaultConfigurationIsVisible = 0;
			defaultConfigurationName = Release;
		};
		C01FCF4E08A954540054247B /* Build configuration list for PBXProject "iMLate" */ = {
			isa = XCConfigurationList;
			buildConfigurations = (
				C01FCF4F08A954540054247B /* Debug */,
				C01FCF5008A954540054247B /* Release */,
				D94681C81321C81D00A1CBC1 /* Distribution */,
			);
			defaultConfigurationIsVisible = 0;
			defaultConfigurationName = Release;
		};
/* End XCConfigurationList section */
	};
	rootObject = 29B97313FDCFA39411CA2CEA /* Project object */;
}
