// !$*UTF8*$!
{
	archiveVersion = 1;
	classes = {
	};
	objectVersion = 45;
	objects = {

/* Begin PBXBuildFile section */
		1D3623260D0F684500981E51 /* iMLateAppDelegate.m in Sources */ = {isa = PBXBuildFile; fileRef = 1D3623250D0F684500981E51 /* iMLateAppDelegate.m */; };
		1D60589B0D05DD56006BFB54 /* main.m in Sources */ = {isa = PBXBuildFile; fileRef = 29B97316FDCFA39411CA2CEA /* main.m */; };
		1D60589F0D05DD5A006BFB54 /* Foundation.framework in Frameworks */ = {isa = PBXBuildFile; fileRef = 1D30AB110D05D00D00671497 /* Foundation.framework */; };
		1DF5F4E00D08C38300B7A737 /* UIKit.framework in Frameworks */ = {isa = PBXBuildFile; fileRef = 1DF5F4DF0D08C38300B7A737 /* UIKit.framework */; };
		2892E4100DC94CBA00A64D0F /* CoreGraphics.framework in Frameworks */ = {isa = PBXBuildFile; fileRef = 2892E40F0DC94CBA00A64D0F /* CoreGraphics.framework */; };
		28AD73600D9D9599002E5188 /* MainWindow.xib in Resources */ = {isa = PBXBuildFile; fileRef = 28AD735F0D9D9599002E5188 /* MainWindow.xib */; };
		28C286E10D94DF7D0034E888 /* RootViewController.m in Sources */ = {isa = PBXBuildFile; fileRef = 28C286E00D94DF7D0034E888 /* RootViewController.m */; };
		28F335F11007B36200424DE2 /* RootViewController.xib in Resources */ = {isa = PBXBuildFile; fileRef = 28F335F01007B36200424DE2 /* RootViewController.xib */; };
		D913A54C131A5A2F0019B379 /* transport-means.plist in Resources */ = {isa = PBXBuildFile; fileRef = D913A54B131A5A2F0019B379 /* transport-means.plist */; };
		D9597348131AD23200953BA7 /* btn_big.png in Resources */ = {isa = PBXBuildFile; fileRef = D9597346131AD23200953BA7 /* btn_big.png */; };
		D9597349131AD23200953BA7 /* btn_small.png in Resources */ = {isa = PBXBuildFile; fileRef = D9597347131AD23200953BA7 /* btn_small.png */; };
		D959735B131AE29B00953BA7 /* icon.png in Resources */ = {isa = PBXBuildFile; fileRef = D959735A131AE29B00953BA7 /* icon.png */; };
		D9625325131971AC00BF99AF /* data.json in Resources */ = {isa = PBXBuildFile; fileRef = D962530513196B5900BF99AF /* data.json */; };
		D96255481319DA7600BF99AF /* transport-lines.plist in Resources */ = {isa = PBXBuildFile; fileRef = D96255471319DA7600BF99AF /* transport-lines.plist */; };
		D98CFB26131D92E900B48FE5 /* CFNetwork.framework in Frameworks */ = {isa = PBXBuildFile; fileRef = D98CFB25131D92E900B48FE5 /* CFNetwork.framework */; };
		D98CFC3F131DB59500B48FE5 /* MBProgressHUD.m in Sources */ = {isa = PBXBuildFile; fileRef = D98CFC3E131DB59500B48FE5 /* MBProgressHUD.m */; };
		D9E2F88C13185ED300948F2F /* NSObject+JSON.m in Sources */ = {isa = PBXBuildFile; fileRef = D9E2F87B13185ED200948F2F /* NSObject+JSON.m */; };
		D9E2F88D13185ED300948F2F /* SBJsonParser.m in Sources */ = {isa = PBXBuildFile; fileRef = D9E2F87D13185ED200948F2F /* SBJsonParser.m */; };
		D9E2F88E13185ED300948F2F /* SBJsonStreamParser.m in Sources */ = {isa = PBXBuildFile; fileRef = D9E2F87F13185ED300948F2F /* SBJsonStreamParser.m */; };
		D9E2F88F13185ED300948F2F /* SBJsonStreamParserAdapter.m in Sources */ = {isa = PBXBuildFile; fileRef = D9E2F88113185ED300948F2F /* SBJsonStreamParserAdapter.m */; };
		D9E2F89013185ED300948F2F /* SBJsonStreamParserState.m in Sources */ = {isa = PBXBuildFile; fileRef = D9E2F88313185ED300948F2F /* SBJsonStreamParserState.m */; };
		D9E2F89113185ED300948F2F /* SBJsonStreamWriter.m in Sources */ = {isa = PBXBuildFile; fileRef = D9E2F88513185ED300948F2F /* SBJsonStreamWriter.m */; };
		D9E2F89213185ED300948F2F /* SBJsonStreamWriterState.m in Sources */ = {isa = PBXBuildFile; fileRef = D9E2F88713185ED300948F2F /* SBJsonStreamWriterState.m */; };
		D9E2F89313185ED300948F2F /* SBJsonTokeniser.m in Sources */ = {isa = PBXBuildFile; fileRef = D9E2F88913185ED300948F2F /* SBJsonTokeniser.m */; };
		D9E2F89413185ED300948F2F /* SBJsonWriter.m in Sources */ = {isa = PBXBuildFile; fileRef = D9E2F88B13185ED300948F2F /* SBJsonWriter.m */; };
		D9E2F9671318841800948F2F /* IncidentDetailViewController.m in Sources */ = {isa = PBXBuildFile; fileRef = D9E2F9651318841800948F2F /* IncidentDetailViewController.m */; };
		D9E2F9681318841800948F2F /* IncidentDetailViewController.xib in Resources */ = {isa = PBXBuildFile; fileRef = D9E2F9661318841800948F2F /* IncidentDetailViewController.xib */; };
		D9E2FAA11319502900948F2F /* IncidentAddViewController.m in Sources */ = {isa = PBXBuildFile; fileRef = D9E2FA9F1319502900948F2F /* IncidentAddViewController.m */; };
		D9E2FAA21319502900948F2F /* IncidentAddViewController.xib in Resources */ = {isa = PBXBuildFile; fileRef = D9E2FAA01319502900948F2F /* IncidentAddViewController.xib */; };
/* End PBXBuildFile section */

/* Begin PBXFileReference section */
		1D30AB110D05D00D00671497 /* Foundation.framework */ = {isa = PBXFileReference; lastKnownFileType = wrapper.framework; name = Foundation.framework; path = System/Library/Frameworks/Foundation.framework; sourceTree = SDKROOT; };
		1D3623240D0F684500981E51 /* iMLateAppDelegate.h */ = {isa = PBXFileReference; fileEncoding = 4; lastKnownFileType = sourcecode.c.h; path = iMLateAppDelegate.h; sourceTree = "<group>"; };
		1D3623250D0F684500981E51 /* iMLateAppDelegate.m */ = {isa = PBXFileReference; fileEncoding = 4; lastKnownFileType = sourcecode.c.objc; path = iMLateAppDelegate.m; sourceTree = "<group>"; };
		1D6058910D05DD3D006BFB54 /* iMLate.app */ = {isa = PBXFileReference; explicitFileType = wrapper.application; includeInIndex = 0; path = iMLate.app; sourceTree = BUILT_PRODUCTS_DIR; };
		1DF5F4DF0D08C38300B7A737 /* UIKit.framework */ = {isa = PBXFileReference; lastKnownFileType = wrapper.framework; name = UIKit.framework; path = System/Library/Frameworks/UIKit.framework; sourceTree = SDKROOT; };
		2892E40F0DC94CBA00A64D0F /* CoreGraphics.framework */ = {isa = PBXFileReference; lastKnownFileType = wrapper.framework; name = CoreGraphics.framework; path = System/Library/Frameworks/CoreGraphics.framework; sourceTree = SDKROOT; };
		28A0AAE50D9B0CCF005BE974 /* iMLate_Prefix.pch */ = {isa = PBXFileReference; fileEncoding = 4; lastKnownFileType = sourcecode.c.h; path = iMLate_Prefix.pch; sourceTree = "<group>"; };
		28AD735F0D9D9599002E5188 /* MainWindow.xib */ = {isa = PBXFileReference; lastKnownFileType = file.xib; path = MainWindow.xib; sourceTree = "<group>"; };
		28C286DF0D94DF7D0034E888 /* RootViewController.h */ = {isa = PBXFileReference; fileEncoding = 4; lastKnownFileType = sourcecode.c.h; path = RootViewController.h; sourceTree = "<group>"; };
		28C286E00D94DF7D0034E888 /* RootViewController.m */ = {isa = PBXFileReference; fileEncoding = 4; lastKnownFileType = sourcecode.c.objc; path = RootViewController.m; sourceTree = "<group>"; };
		28F335F01007B36200424DE2 /* RootViewController.xib */ = {isa = PBXFileReference; lastKnownFileType = file.xib; path = RootViewController.xib; sourceTree = "<group>"; };
		29B97316FDCFA39411CA2CEA /* main.m */ = {isa = PBXFileReference; fileEncoding = 4; lastKnownFileType = sourcecode.c.objc; path = main.m; sourceTree = "<group>"; };
		8D1107310486CEB800E47090 /* iMLate-Info.plist */ = {isa = PBXFileReference; fileEncoding = 4; lastKnownFileType = text.plist.xml; path = "iMLate-Info.plist"; plistStructureDefinitionIdentifier = "com.apple.xcode.plist.structure-definition.iphone.info-plist"; sourceTree = "<group>"; };
		D913A54B131A5A2F0019B379 /* transport-means.plist */ = {isa = PBXFileReference; fileEncoding = 4; lastKnownFileType = text.plist.xml; path = "transport-means.plist"; sourceTree = "<group>"; };
		D9597346131AD23200953BA7 /* btn_big.png */ = {isa = PBXFileReference; lastKnownFileType = image.png; path = btn_big.png; sourceTree = "<group>"; };
		D9597347131AD23200953BA7 /* btn_small.png */ = {isa = PBXFileReference; lastKnownFileType = image.png; path = btn_small.png; sourceTree = "<group>"; };
		D959735A131AE29B00953BA7 /* icon.png */ = {isa = PBXFileReference; lastKnownFileType = image.png; path = icon.png; sourceTree = "<group>"; };
		D96252BC13195E5000BF99AF /* Logging.h */ = {isa = PBXFileReference; fileEncoding = 4; lastKnownFileType = sourcecode.c.h; path = Logging.h; sourceTree = "<group>"; };
		D962530513196B5900BF99AF /* data.json */ = {isa = PBXFileReference; fileEncoding = 4; lastKnownFileType = text; path = data.json; sourceTree = "<group>"; };
		D962530613196E5700BF99AF /* template.json */ = {isa = PBXFileReference; fileEncoding = 4; lastKnownFileType = text; path = template.json; sourceTree = "<group>"; };
		D962536113197A5000BF99AF /* Constants.h */ = {isa = PBXFileReference; fileEncoding = 4; lastKnownFileType = sourcecode.c.h; path = Constants.h; sourceTree = "<group>"; };
		D96255471319DA7600BF99AF /* transport-lines.plist */ = {isa = PBXFileReference; fileEncoding = 4; lastKnownFileType = text.plist.xml; path = "transport-lines.plist"; sourceTree = "<group>"; };
		D98CFB25131D92E900B48FE5 /* CFNetwork.framework */ = {isa = PBXFileReference; lastKnownFileType = wrapper.framework; name = CFNetwork.framework; path = System/Library/Frameworks/CFNetwork.framework; sourceTree = SDKROOT; };
		D98CFC3D131DB59500B48FE5 /* MBProgressHUD.h */ = {isa = PBXFileReference; fileEncoding = 4; lastKnownFileType = sourcecode.c.h; path = MBProgressHUD.h; sourceTree = "<group>"; };
		D98CFC3E131DB59500B48FE5 /* MBProgressHUD.m */ = {isa = PBXFileReference; fileEncoding = 4; lastKnownFileType = sourcecode.c.objc; path = MBProgressHUD.m; sourceTree = "<group>"; };
		D9E2F87913185ED200948F2F /* JSON.h */ = {isa = PBXFileReference; fileEncoding = 4; lastKnownFileType = sourcecode.c.h; path = JSON.h; sourceTree = "<group>"; };
		D9E2F87A13185ED200948F2F /* NSObject+JSON.h */ = {isa = PBXFileReference; fileEncoding = 4; lastKnownFileType = sourcecode.c.h; path = "NSObject+JSON.h"; sourceTree = "<group>"; };
		D9E2F87B13185ED200948F2F /* NSObject+JSON.m */ = {isa = PBXFileReference; fileEncoding = 4; lastKnownFileType = sourcecode.c.objc; path = "NSObject+JSON.m"; sourceTree = "<group>"; };
		D9E2F87C13185ED200948F2F /* SBJsonParser.h */ = {isa = PBXFileReference; fileEncoding = 4; lastKnownFileType = sourcecode.c.h; path = SBJsonParser.h; sourceTree = "<group>"; };
		D9E2F87D13185ED200948F2F /* SBJsonParser.m */ = {isa = PBXFileReference; fileEncoding = 4; lastKnownFileType = sourcecode.c.objc; path = SBJsonParser.m; sourceTree = "<group>"; };
		D9E2F87E13185ED300948F2F /* SBJsonStreamParser.h */ = {isa = PBXFileReference; fileEncoding = 4; lastKnownFileType = sourcecode.c.h; path = SBJsonStreamParser.h; sourceTree = "<group>"; };
		D9E2F87F13185ED300948F2F /* SBJsonStreamParser.m */ = {isa = PBXFileReference; fileEncoding = 4; lastKnownFileType = sourcecode.c.objc; path = SBJsonStreamParser.m; sourceTree = "<group>"; };
		D9E2F88013185ED300948F2F /* SBJsonStreamParserAdapter.h */ = {isa = PBXFileReference; fileEncoding = 4; lastKnownFileType = sourcecode.c.h; path = SBJsonStreamParserAdapter.h; sourceTree = "<group>"; };
		D9E2F88113185ED300948F2F /* SBJsonStreamParserAdapter.m */ = {isa = PBXFileReference; fileEncoding = 4; lastKnownFileType = sourcecode.c.objc; path = SBJsonStreamParserAdapter.m; sourceTree = "<group>"; };
		D9E2F88213185ED300948F2F /* SBJsonStreamParserState.h */ = {isa = PBXFileReference; fileEncoding = 4; lastKnownFileType = sourcecode.c.h; path = SBJsonStreamParserState.h; sourceTree = "<group>"; };
		D9E2F88313185ED300948F2F /* SBJsonStreamParserState.m */ = {isa = PBXFileReference; fileEncoding = 4; lastKnownFileType = sourcecode.c.objc; path = SBJsonStreamParserState.m; sourceTree = "<group>"; };
		D9E2F88413185ED300948F2F /* SBJsonStreamWriter.h */ = {isa = PBXFileReference; fileEncoding = 4; lastKnownFileType = sourcecode.c.h; path = SBJsonStreamWriter.h; sourceTree = "<group>"; };
		D9E2F88513185ED300948F2F /* SBJsonStreamWriter.m */ = {isa = PBXFileReference; fileEncoding = 4; lastKnownFileType = sourcecode.c.objc; path = SBJsonStreamWriter.m; sourceTree = "<group>"; };
		D9E2F88613185ED300948F2F /* SBJsonStreamWriterState.h */ = {isa = PBXFileReference; fileEncoding = 4; lastKnownFileType = sourcecode.c.h; path = SBJsonStreamWriterState.h; sourceTree = "<group>"; };
		D9E2F88713185ED300948F2F /* SBJsonStreamWriterState.m */ = {isa = PBXFileReference; fileEncoding = 4; lastKnownFileType = sourcecode.c.objc; path = SBJsonStreamWriterState.m; sourceTree = "<group>"; };
		D9E2F88813185ED300948F2F /* SBJsonTokeniser.h */ = {isa = PBXFileReference; fileEncoding = 4; lastKnownFileType = sourcecode.c.h; path = SBJsonTokeniser.h; sourceTree = "<group>"; };
		D9E2F88913185ED300948F2F /* SBJsonTokeniser.m */ = {isa = PBXFileReference; fileEncoding = 4; lastKnownFileType = sourcecode.c.objc; path = SBJsonTokeniser.m; sourceTree = "<group>"; };
		D9E2F88A13185ED300948F2F /* SBJsonWriter.h */ = {isa = PBXFileReference; fileEncoding = 4; lastKnownFileType = sourcecode.c.h; path = SBJsonWriter.h; sourceTree = "<group>"; };
		D9E2F88B13185ED300948F2F /* SBJsonWriter.m */ = {isa = PBXFileReference; fileEncoding = 4; lastKnownFileType = sourcecode.c.objc; path = SBJsonWriter.m; sourceTree = "<group>"; };
		D9E2F9641318841800948F2F /* IncidentDetailViewController.h */ = {isa = PBXFileReference; fileEncoding = 4; lastKnownFileType = sourcecode.c.h; path = IncidentDetailViewController.h; sourceTree = "<group>"; };
		D9E2F9651318841800948F2F /* IncidentDetailViewController.m */ = {isa = PBXFileReference; fileEncoding = 4; lastKnownFileType = sourcecode.c.objc; path = IncidentDetailViewController.m; sourceTree = "<group>"; };
		D9E2F9661318841800948F2F /* IncidentDetailViewController.xib */ = {isa = PBXFileReference; lastKnownFileType = file.xib; name = IncidentDetailViewController.xib; path = Classes/IncidentDetailViewController.xib; sourceTree = "<group>"; };
		D9E2FA9E1319502900948F2F /* IncidentAddViewController.h */ = {isa = PBXFileReference; fileEncoding = 4; lastKnownFileType = sourcecode.c.h; path = IncidentAddViewController.h; sourceTree = "<group>"; };
		D9E2FA9F1319502900948F2F /* IncidentAddViewController.m */ = {isa = PBXFileReference; fileEncoding = 4; lastKnownFileType = sourcecode.c.objc; path = IncidentAddViewController.m; sourceTree = "<group>"; };
		D9E2FAA01319502900948F2F /* IncidentAddViewController.xib */ = {isa = PBXFileReference; lastKnownFileType = file.xib; name = IncidentAddViewController.xib; path = Classes/IncidentAddViewController.xib; sourceTree = "<group>"; };
/* End PBXFileReference section */

/* Begin PBXFrameworksBuildPhase section */
		1D60588F0D05DD3D006BFB54 /* Frameworks */ = {
			isa = PBXFrameworksBuildPhase;
			buildActionMask = 2147483647;
			files = (
				1D60589F0D05DD5A006BFB54 /* Foundation.framework in Frameworks */,
				1DF5F4E00D08C38300B7A737 /* UIKit.framework in Frameworks */,
				2892E4100DC94CBA00A64D0F /* CoreGraphics.framework in Frameworks */,
				D98CFB26131D92E900B48FE5 /* CFNetwork.framework in Frameworks */,
			);
			runOnlyForDeploymentPostprocessing = 0;
		};
/* End PBXFrameworksBuildPhase section */

/* Begin PBXGroup section */
		080E96DDFE201D6D7F000001 /* Classes */ = {
			isa = PBXGroup;
			children = (
				D98CFC3C131DB57200B48FE5 /* ProgressHUD */,
				D9E2FA9E1319502900948F2F /* IncidentAddViewController.h */,
				D9E2FA9F1319502900948F2F /* IncidentAddViewController.m */,
				D9E2F9641318841800948F2F /* IncidentDetailViewController.h */,
				D9E2F9651318841800948F2F /* IncidentDetailViewController.m */,
				D9E2F87813185ED200948F2F /* JSON */,
				28C286DF0D94DF7D0034E888 /* RootViewController.h */,
				28C286E00D94DF7D0034E888 /* RootViewController.m */,
				1D3623240D0F684500981E51 /* iMLateAppDelegate.h */,
				1D3623250D0F684500981E51 /* iMLateAppDelegate.m */,
			);
			path = Classes;
			sourceTree = "<group>";
		};
		19C28FACFE9D520D11CA2CBB /* Products */ = {
			isa = PBXGroup;
			children = (
				1D6058910D05DD3D006BFB54 /* iMLate.app */,
			);
			name = Products;
			sourceTree = "<group>";
		};
		29B97314FDCFA39411CA2CEA /* CustomTemplate */ = {
			isa = PBXGroup;
			children = (
				D9597344131AD22100953BA7 /* Images */,
				080E96DDFE201D6D7F000001 /* Classes */,
				29B97315FDCFA39411CA2CEA /* Other Sources */,
				29B97317FDCFA39411CA2CEA /* Resources */,
				29B97323FDCFA39411CA2CEA /* Frameworks */,
				19C28FACFE9D520D11CA2CBB /* Products */,
			);
			name = CustomTemplate;
			sourceTree = "<group>";
		};
		29B97315FDCFA39411CA2CEA /* Other Sources */ = {
			isa = PBXGroup;
			children = (
				28A0AAE50D9B0CCF005BE974 /* iMLate_Prefix.pch */,
				29B97316FDCFA39411CA2CEA /* main.m */,
				D96252BC13195E5000BF99AF /* Logging.h */,
				D962536113197A5000BF99AF /* Constants.h */,
			);
			name = "Other Sources";
			sourceTree = "<group>";
		};
		29B97317FDCFA39411CA2CEA /* Resources */ = {
			isa = PBXGroup;
			children = (
				D9E2FAA01319502900948F2F /* IncidentAddViewController.xib */,
				D9E2F9661318841800948F2F /* IncidentDetailViewController.xib */,
				28F335F01007B36200424DE2 /* RootViewController.xib */,
				28AD735F0D9D9599002E5188 /* MainWindow.xib */,
				8D1107310486CEB800E47090 /* iMLate-Info.plist */,
				D962530513196B5900BF99AF /* data.json */,
				D962530613196E5700BF99AF /* template.json */,
				D96255471319DA7600BF99AF /* transport-lines.plist */,
				D913A54B131A5A2F0019B379 /* transport-means.plist */,
			);
			name = Resources;
			sourceTree = "<group>";
		};
		29B97323FDCFA39411CA2CEA /* Frameworks */ = {
			isa = PBXGroup;
			children = (
				D98CFB25131D92E900B48FE5 /* CFNetwork.framework */,
				1DF5F4DF0D08C38300B7A737 /* UIKit.framework */,
				1D30AB110D05D00D00671497 /* Foundation.framework */,
				2892E40F0DC94CBA00A64D0F /* CoreGraphics.framework */,
			);
			name = Frameworks;
			sourceTree = "<group>";
		};
		D9597344131AD22100953BA7 /* Images */ = {
			isa = PBXGroup;
			children = (
				D959735A131AE29B00953BA7 /* icon.png */,
				D9597346131AD23200953BA7 /* btn_big.png */,
				D9597347131AD23200953BA7 /* btn_small.png */,
			);
			name = Images;
			sourceTree = "<group>";
		};
		D98CFC3C131DB57200B48FE5 /* ProgressHUD */ = {
			isa = PBXGroup;
			children = (
				D98CFC3D131DB59500B48FE5 /* MBProgressHUD.h */,
				D98CFC3E131DB59500B48FE5 /* MBProgressHUD.m */,
			);
			name = ProgressHUD;
			sourceTree = "<group>";
		};
		D9E2F87813185ED200948F2F /* JSON */ = {
			isa = PBXGroup;
			children = (
				D9E2F87913185ED200948F2F /* JSON.h */,
				D9E2F87A13185ED200948F2F /* NSObject+JSON.h */,
				D9E2F87B13185ED200948F2F /* NSObject+JSON.m */,
				D9E2F87C13185ED200948F2F /* SBJsonParser.h */,
				D9E2F87D13185ED200948F2F /* SBJsonParser.m */,
				D9E2F87E13185ED300948F2F /* SBJsonStreamParser.h */,
				D9E2F87F13185ED300948F2F /* SBJsonStreamParser.m */,
				D9E2F88013185ED300948F2F /* SBJsonStreamParserAdapter.h */,
				D9E2F88113185ED300948F2F /* SBJsonStreamParserAdapter.m */,
				D9E2F88213185ED300948F2F /* SBJsonStreamParserState.h */,
				D9E2F88313185ED300948F2F /* SBJsonStreamParserState.m */,
				D9E2F88413185ED300948F2F /* SBJsonStreamWriter.h */,
				D9E2F88513185ED300948F2F /* SBJsonStreamWriter.m */,
				D9E2F88613185ED300948F2F /* SBJsonStreamWriterState.h */,
				D9E2F88713185ED300948F2F /* SBJsonStreamWriterState.m */,
				D9E2F88813185ED300948F2F /* SBJsonTokeniser.h */,
				D9E2F88913185ED300948F2F /* SBJsonTokeniser.m */,
				D9E2F88A13185ED300948F2F /* SBJsonWriter.h */,
				D9E2F88B13185ED300948F2F /* SBJsonWriter.m */,
			);
			name = JSON;
			path = json;
			sourceTree = "<group>";
		};
/* End PBXGroup section */

/* Begin PBXNativeTarget section */
		1D6058900D05DD3D006BFB54 /* iMLate */ = {
			isa = PBXNativeTarget;
			buildConfigurationList = 1D6058960D05DD3E006BFB54 /* Build configuration list for PBXNativeTarget "iMLate" */;
			buildPhases = (
				1D60588D0D05DD3D006BFB54 /* Resources */,
				1D60588E0D05DD3D006BFB54 /* Sources */,
				1D60588F0D05DD3D006BFB54 /* Frameworks */,
			);
			buildRules = (
			);
			dependencies = (
			);
			name = iMLate;
			productName = iMLate;
			productReference = 1D6058910D05DD3D006BFB54 /* iMLate.app */;
			productType = "com.apple.product-type.application";
		};
/* End PBXNativeTarget section */

/* Begin PBXProject section */
		29B97313FDCFA39411CA2CEA /* Project object */ = {
			isa = PBXProject;
			buildConfigurationList = C01FCF4E08A954540054247B /* Build configuration list for PBXProject "iMLate" */;
			compatibilityVersion = "Xcode 3.1";
			developmentRegion = English;
			hasScannedForEncodings = 1;
			knownRegions = (
				English,
				Japanese,
				French,
				German,
				en,
			);
			mainGroup = 29B97314FDCFA39411CA2CEA /* CustomTemplate */;
			projectDirPath = "";
			projectRoot = "";
			targets = (
				1D6058900D05DD3D006BFB54 /* iMLate */,
			);
		};
/* End PBXProject section */

/* Begin PBXResourcesBuildPhase section */
		1D60588D0D05DD3D006BFB54 /* Resources */ = {
			isa = PBXResourcesBuildPhase;
			buildActionMask = 2147483647;
			files = (
				D9625325131971AC00BF99AF /* data.json in Resources */,
				28AD73600D9D9599002E5188 /* MainWindow.xib in Resources */,
				28F335F11007B36200424DE2 /* RootViewController.xib in Resources */,
				D9E2F9681318841800948F2F /* IncidentDetailViewController.xib in Resources */,
				D9E2FAA21319502900948F2F /* IncidentAddViewController.xib in Resources */,
				D96255481319DA7600BF99AF /* transport-lines.plist in Resources */,
				D913A54C131A5A2F0019B379 /* transport-means.plist in Resources */,
				D9597348131AD23200953BA7 /* btn_big.png in Resources */,
				D9597349131AD23200953BA7 /* btn_small.png in Resources */,
				D959735B131AE29B00953BA7 /* icon.png in Resources */,
			);
			runOnlyForDeploymentPostprocessing = 0;
		};
/* End PBXResourcesBuildPhase section */

/* Begin PBXSourcesBuildPhase section */
		1D60588E0D05DD3D006BFB54 /* Sources */ = {
			isa = PBXSourcesBuildPhase;
			buildActionMask = 2147483647;
			files = (
				1D60589B0D05DD56006BFB54 /* main.m in Sources */,
				1D3623260D0F684500981E51 /* iMLateAppDelegate.m in Sources */,
				28C286E10D94DF7D0034E888 /* RootViewController.m in Sources */,
				D9E2F88C13185ED300948F2F /* NSObject+JSON.m in Sources */,
				D9E2F88D13185ED300948F2F /* SBJsonParser.m in Sources */,
				D9E2F88E13185ED300948F2F /* SBJsonStreamParser.m in Sources */,
				D9E2F88F13185ED300948F2F /* SBJsonStreamParserAdapter.m in Sources */,
				D9E2F89013185ED300948F2F /* SBJsonStreamParserState.m in Sources */,
				D9E2F89113185ED300948F2F /* SBJsonStreamWriter.m in Sources */,
				D9E2F89213185ED300948F2F /* SBJsonStreamWriterState.m in Sources */,
				D9E2F89313185ED300948F2F /* SBJsonTokeniser.m in Sources */,
				D9E2F89413185ED300948F2F /* SBJsonWriter.m in Sources */,
				D9E2F9671318841800948F2F /* IncidentDetailViewController.m in Sources */,
				D9E2FAA11319502900948F2F /* IncidentAddViewController.m in Sources */,
				D98CFC3F131DB59500B48FE5 /* MBProgressHUD.m in Sources */,
			);
			runOnlyForDeploymentPostprocessing = 0;
		};
/* End PBXSourcesBuildPhase section */

/* Begin XCBuildConfiguration section */
		1D6058940D05DD3E006BFB54 /* Debug */ = {
			isa = XCBuildConfiguration;
			buildSettings = {
				ALWAYS_SEARCH_USER_PATHS = NO;
				COPY_PHASE_STRIP = NO;
				GCC_DYNAMIC_NO_PIC = NO;
				GCC_OPTIMIZATION_LEVEL = 0;
				GCC_PRECOMPILE_PREFIX_HEADER = YES;
				GCC_PREFIX_HEADER = iMLate_Prefix.pch;
				INFOPLIST_FILE = "iMLate-Info.plist";
				PRODUCT_NAME = iMLate;
			};
			name = Debug;
		};
		1D6058950D05DD3E006BFB54 /* Release */ = {
			isa = XCBuildConfiguration;
			buildSettings = {
				ALWAYS_SEARCH_USER_PATHS = NO;
				COPY_PHASE_STRIP = YES;
				GCC_PRECOMPILE_PREFIX_HEADER = YES;
				GCC_PREFIX_HEADER = iMLate_Prefix.pch;
				INFOPLIST_FILE = "iMLate-Info.plist";
				PRODUCT_NAME = iMLate;
				VALIDATE_PRODUCT = YES;
			};
			name = Release;
		};
		C01FCF4F08A954540054247B /* Debug */ = {
			isa = XCBuildConfiguration;
			buildSettings = {
				ARCHS = "$(ARCHS_STANDARD_32_BIT)";
				"CODE_SIGN_IDENTITY[sdk=iphoneos*]" = "iPhone Developer";
				GCC_C_LANGUAGE_STANDARD = c99;
				GCC_WARN_ABOUT_RETURN_TYPE = YES;
				GCC_WARN_UNUSED_VARIABLE = YES;
				OTHER_CFLAGS = "";
				PREBINDING = NO;
				SDKROOT = iphoneos;
			};
			name = Debug;
		};
		C01FCF5008A954540054247B /* Release */ = {
			isa = XCBuildConfiguration;
			buildSettings = {
				ARCHS = "$(ARCHS_STANDARD_32_BIT)";
				"CODE_SIGN_IDENTITY[sdk=iphoneos*]" = "iPhone Developer";
				GCC_C_LANGUAGE_STANDARD = c99;
				GCC_WARN_ABOUT_RETURN_TYPE = YES;
				GCC_WARN_UNUSED_VARIABLE = YES;
				OTHER_CFLAGS = "-DNS_BLOCK_ASSERTIONS=1";
				PREBINDING = NO;
				SDKROOT = iphoneos;
			};
			name = Release;
		};
/* End XCBuildConfiguration section */

/* Begin XCConfigurationList section */
		1D6058960D05DD3E006BFB54 /* Build configuration list for PBXNativeTarget "iMLate" */ = {
			isa = XCConfigurationList;
			buildConfigurations = (
				1D6058940D05DD3E006BFB54 /* Debug */,
				1D6058950D05DD3E006BFB54 /* Release */,
			);
			defaultConfigurationIsVisible = 0;
			defaultConfigurationName = Release;
		};
		C01FCF4E08A954540054247B /* Build configuration list for PBXProject "iMLate" */ = {
			isa = XCConfigurationList;
			buildConfigurations = (
				C01FCF4F08A954540054247B /* Debug */,
				C01FCF5008A954540054247B /* Release */,
			);
			defaultConfigurationIsVisible = 0;
			defaultConfigurationName = Release;
		};
/* End XCConfigurationList section */
	};
	rootObject = 29B97313FDCFA39411CA2CEA /* Project object */;
}
